
Microsoft Visual Studio Solution File, Format Version 12.00
Project("{FAE04EC0-301F-11D3-BF4B-00C04F79EFBC}") = "OthelloLib", "OthelloLib\OthelloLib.csproj", "{D39FDF4B-9C0B-4767-AAC7-374CE2BB71EB}"
EndProject
Global
	GlobalSection(SolutionConfigurationPlatforms) = preSolution
		Debug|Any CPU = Debug|Any CPU
		Release|Any CPU = Release|Any CPU
	EndGlobalSection
	GlobalSection(ProjectConfigurationPlatforms) = postSolution
		{D39FDF4B-9C0B-4767-AAC7-374CE2BB71EB}.Debug|Any CPU.ActiveCfg = Debug|Any CPU
		{D39FDF4B-9C0B-4767-AAC7-374CE2BB71EB}.Debug|Any CPU.Build.0 = Debug|Any CPU
		{D39FDF4B-9C0B-4767-AAC7-374CE2BB71EB}.Release|Any CPU.ActiveCfg = Release|Any CPU
		{D39FDF4B-9C0B-4767-AAC7-374CE2BB71EB}.Release|Any CPU.Build.0 = Release|Any CPU
	EndGlobalSection
EndGlobal
